<?xml version="1.0" encoding="utf-8"?>
<Project ToolsVersion="4.0" xmlns="http://schemas.microsoft.com/developer/msbuild/2003">
  <ItemGroup>
    <Filter Include="Source Files">
      <UniqueIdentifier>{4FC737F1-C7A5-4376-A066-2A32D752A2FF}</UniqueIdentifier>
      <Extensions>cpp;c;cc;cxx;def;odl;idl;hpj;bat;asm;asmx</Extensions>
    </Filter>
    <Filter Include="Header Files">
      <UniqueIdentifier>{93995380-89BD-4b04-88EB-625FBE52EBFB}</UniqueIdentifier>
      <Extensions>h;hh;hpp;hxx;hm;inl;inc;xsd</Extensions>
    </Filter>
    <Filter Include="Resource Files">
      <UniqueIdentifier>{67DA6AB6-F800-4c08-8B7A-83BB121AAD01}</UniqueIdentifier>
      <Extensions>rc;ico;cur;bmp;dlg;rc2;rct;bin;rgs;gif;jpg;jpeg;jpe;resx;tiff;tif;png;wav;mfcribbon-ms</Extensions>
    </Filter>
    <Filter Include="Header Files\chapter01">
      <UniqueIdentifier>{23361fc8-f6c7-4dfc-8653-d667803e0f0b}</UniqueIdentifier>
    </Filter>
    <Filter Include="Source Files\chapter01">
      <UniqueIdentifier>{ac2c641d-bb48-4211-b62f-f339a4a64919}</UniqueIdentifier>
    </Filter>
    <Filter Include="Header Files\chapter03">
      <UniqueIdentifier>{255cc136-054a-43fe-82af-7e7897f5664a}</UniqueIdentifier>
    </Filter>
    <Filter Include="Source Files\chapter03">
      <UniqueIdentifier>{b788615a-6225-4df9-9d14-38476cda04c4}</UniqueIdentifier>
    </Filter>
  </ItemGroup>
  <ItemGroup>
    <ClInclude Include="IntCell.h">
      <Filter>Header Files\chapter01</Filter>
    </ClInclude>
    <ClInclude Include="TestFunc.h">
      <Filter>Header Files\chapter01</Filter>
    </ClInclude>
    <ClInclude Include="TestManage.h">
      <Filter>Header Files</Filter>
    </ClInclude>
    <ClInclude Include="Employee.h">
      <Filter>Header Files\chapter01</Filter>
    </ClInclude>
  </ItemGroup>
  <ItemGroup>
    <ClCompile Include="Source.cpp">
      <Filter>Source Files</Filter>
    </ClCompile>
    <ClCompile Include="main.cpp">
      <Filter>Source Files</Filter>
    </ClCompile>
    <ClCompile Include="IntCell.cpp">
      <Filter>Source Files\chapter01</Filter>
    </ClCompile>
    <ClCompile Include="TestFunc.cpp">
      <Filter>Source Files\chapter01</Filter>
    </ClCompile>
    <ClCompile Include="TestManage.cpp">
      <Filter>Source Files</Filter>
    </ClCompile>
    <ClCompile Include="MemoryCell.h">
      <Filter>Header Files\chapter01</Filter>
    </ClCompile>
    <ClCompile Include="Employee.cpp">
      <Filter>Source Files\chapter01</Filter>
    </ClCompile>
    <ClCompile Include="Vector.cpp">
      <Filter>Source Files\chapter03</Filter>
    </ClCompile>
    <ClCompile Include="List.cpp">
      <Filter>Source Files\chapter03</Filter>
    </ClCompile>
  </ItemGroup>
</Project>